{
    "annotationProcessor": {
        "org.springframework.boot:spring-boot-configuration-processor": {
            "locked": "2.6.7"
        }
    },
    "compileClasspath": {
        "com.azure:azure-storage-blob": {
            "locked": "12.7.0"
        },
        "com.netflix.conductor:conductor-common": {
            "locked": "3.13.8"
        },
        "com.netflix.conductor:conductor-core": {
            "locked": "3.13.8"
        },
        "org.apache.commons:commons-lang3": {
            "locked": "3.12.0"
        },
        "org.apache.logging.log4j:log4j-api": {
            "locked": "2.17.1"
        },
        "org.apache.logging.log4j:log4j-core": {
            "locked": "2.17.1"
        },
        "org.apache.logging.log4j:log4j-jul": {
            "locked": "2.17.1"
        },
        "org.apache.logging.log4j:log4j-slf4j-impl": {
            "locked": "2.17.1"
        },
        "org.apache.logging.log4j:log4j-web": {
            "locked": "2.17.1"
        },
        "org.springframework.boot:spring-boot-starter": {
            "locked": "2.6.7"
        }
    },
    "runtimeClasspath": {
        "com.azure:azure-storage-blob": {
            "locked": "12.7.0"
        },
        "com.netflix.conductor:conductor-common": {
            "locked": "3.13.8"
        },
        "com.netflix.conductor:conductor-core": {
            "locked": "3.13.8"
        },
        "org.apache.commons:commons-lang3": {
            "locked": "3.12.0"
        },
        "org.apache.logging.log4j:log4j-api": {
            "locked": "2.17.1"
        },
        "org.apache.logging.log4j:log4j-core": {
            "locked": "2.17.1"
        },
        "org.apache.logging.log4j:log4j-jul": {
            "locked": "2.17.1"
        },
        "org.apache.logging.log4j:log4j-slf4j-impl": {
            "locked": "2.17.1"
        },
        "org.apache.logging.log4j:log4j-web": {
            "locked": "2.17.1"
        }
    },
    "testCompileClasspath": {
        "com.azure:azure-storage-blob": {
            "locked": "12.7.0"
        },
        "com.netflix.conductor:conductor-common": {
            "locked": "3.13.8"
        },
        "com.netflix.conductor:conductor-core": {
            "locked": "3.13.8"
        },
        "org.apache.commons:commons-lang3": {
            "locked": "3.12.0"
        },
        "org.apache.logging.log4j:log4j-api": {
            "locked": "2.17.1"
        },
        "org.apache.logging.log4j:log4j-core": {
            "locked": "2.17.1"
        },
        "org.apache.logging.log4j:log4j-jul": {
            "locked": "2.17.1"
        },
        "org.apache.logging.log4j:log4j-slf4j-impl": {
            "locked": "2.17.1"
        },
        "org.apache.logging.log4j:log4j-web": {
            "locked": "2.17.1"
        },
        "org.junit.vintage:junit-vintage-engine": {
            "locked": "5.8.2"
        },
        "org.springframework.boot:spring-boot-starter-log4j2": {
            "locked": "2.6.7"
        },
        "org.springframework.boot:spring-boot-starter-test": {
            "locked": "2.6.7"
        }
    },
    "testRuntimeClasspath": {
        "com.azure:azure-storage-blob": {
            "locked": "12.7.0"
        },
        "com.netflix.conductor:conductor-common": {
            "locked": "3.13.8"
        },
        "com.netflix.conductor:conductor-core": {
            "locked": "3.13.8"
        },
        "org.apache.commons:commons-lang3": {
            "locked": "3.12.0"
        },
        "org.apache.logging.log4j:log4j-api": {
            "locked": "2.17.1"
        },
        "org.apache.logging.log4j:log4j-core": {
            "locked": "2.17.1"
        },
        "org.apache.logging.log4j:log4j-jul": {
            "locked": "2.17.1"
        },
        "org.apache.logging.log4j:log4j-slf4j-impl": {
            "locked": "2.17.1"
        },
        "org.apache.logging.log4j:log4j-web": {
            "locked": "2.17.1"
        },
        "org.junit.vintage:junit-vintage-engine": {
            "locked": "5.8.2"
        },
        "org.springframework.boot:spring-boot-starter-log4j2": {
            "locked": "2.6.7"
        },
        "org.springframework.boot:spring-boot-starter-test": {
            "locked": "2.6.7"
        }
    }
}